
Microsoft Visual Studio Solution File, Format Version 12.00
# Visual Studio Version 16
VisualStudioVersion = 16.0.33130.400
MinimumVisualStudioVersion = 10.0.40219.1
Project("{FAE04EC0-301F-11D3-BF4B-00C04F79EFBC}") = "NetworkModule", "NetworkModule.csproj", "{AFFB61B6-BF31-4F92-93EC-E0568FD9197B}"
EndProject
Global
	GlobalSection(SolutionConfigurationPlatforms) = preSolution
		Debug|Any CPU = Debug|Any CPU
		Release|Any CPU = Release|Any CPU
	EndGlobalSection
	GlobalSection(ProjectConfigurationPlatforms) = postSolution
		{AFFB61B6-BF31-4F92-93EC-E0568FD9197B}.Debug|Any CPU.ActiveCfg = Debug|Any CPU
		{AFFB61B6-BF31-4F92-93EC-E0568FD9197B}.Debug|Any CPU.Build.0 = Debug|Any CPU
		{AFFB61B6-BF31-4F92-93EC-E0568FD9197B}.Release|Any CPU.ActiveCfg = Release|Any CPU
		{AFFB61B6-BF31-4F92-93EC-E0568FD9197B}.Release|Any CPU.Build.0 = Release|Any CPU
	EndGlobalSection
	GlobalSection(SolutionProperties) = preSolution
		HideSolutionNode = FALSE
	EndGlobalSection
	GlobalSection(ExtensibilityGlobals) = postSolution
		SolutionGuid = {E2BC999E-F035-4523-BC40-05DBD4EF3982}
	EndGlobalSection
EndGlobal
